<?xml version="1.0" encoding="utf-8"?>
<Project ToolsVersion="4.0" xmlns="http://schemas.microsoft.com/developer/msbuild/2003">
  <ItemGroup>
    <Filter Include="Source Files">
      <UniqueIdentifier>{4FC737F1-C7A5-4376-A066-2A32D752A2FF}</UniqueIdentifier>
      <Extensions>cpp;c;cc;cxx;def;odl;idl;hpj;bat;asm;asmx</Extensions>
    </Filter>
    <Filter Include="Header Files">
      <UniqueIdentifier>{93995380-89BD-4b04-88EB-625FBE52EBFB}</UniqueIdentifier>
      <Extensions>h;hh;hpp;hxx;hm;inl;inc;xsd</Extensions>
    </Filter>
    <Filter Include="Resource Files">
      <UniqueIdentifier>{67DA6AB6-F800-4c08-8B7A-83BB121AAD01}</UniqueIdentifier>
      <Extensions>rc;ico;cur;bmp;dlg;rc2;rct;bin;rgs;gif;jpg;jpeg;jpe;resx;tiff;tif;png;wav;mfcribbon-ms</Extensions>
    </Filter>
    <Filter Include="Source Files\gtest">
      <UniqueIdentifier>{a807fde5-270f-40e3-a368-e567f3f54096}</UniqueIdentifier>
    </Filter>
    <Filter Include="Header Files\mnist">
      <UniqueIdentifier>{8ca36b8b-8049-4a28-a3d5-3af7aeddac85}</UniqueIdentifier>
    </Filter>
  </ItemGroup>
  <ItemGroup>
    <Text Include="ReadMe.txt" />
  </ItemGroup>
  <ItemGroup>
    <ClInclude Include="stdafx.h">
      <Filter>Header Files</Filter>
    </ClInclude>
    <ClInclude Include="targetver.h">
      <Filter>Header Files</Filter>
    </ClInclude>
    <ClInclude Include="mnist\mnist_reader.hpp">
      <Filter>Header Files\mnist</Filter>
    </ClInclude>
    <ClInclude Include="mnist\mnist_reader_common.hpp">
      <Filter>Header Files\mnist</Filter>
    </ClInclude>
    <ClInclude Include="mnist\mnist_reader_less.hpp">
      <Filter>Header Files\mnist</Filter>
    </ClInclude>
    <ClInclude Include="mnist\mnist_utils.hpp">
      <Filter>Header Files\mnist</Filter>
    </ClInclude>
  </ItemGroup>
  <ItemGroup>
    <ClCompile Include="stdafx.cpp">
      <Filter>Source Files</Filter>
    </ClCompile>
    <ClCompile Include="distai.cpp">
      <Filter>Source Files</Filter>
    </ClCompile>
    <ClCompile Include="mnist.cpp">
      <Filter>Source Files\gtest</Filter>
    </ClCompile>
  </ItemGroup>
  <ItemGroup>
    <None Include="packages.config" />
  </ItemGroup>
</Project>